
Microsoft Visual Studio Solution File, Format Version 12.00
# Visual Studio 15
VisualStudioVersion = 15.0.26124.0
MinimumVisualStudioVersion = 15.0.26124.0
Project("{FAE04EC0-301F-11D3-BF4B-00C04F79EFBC}") = "IncDec", "IncDec\IncDec.csproj", "{B3ACC118-EAFE-4571-906D-3AEAA5D1F03B}"
EndProject
Project("{FAE04EC0-301F-11D3-BF4B-00C04F79EFBC}") = "Cilindro", "Cilindro\Cilindro.csproj", "{D7DD2542-5203-45B5-A112-7D4A210BAC6B}"
EndProject
Project("{FAE04EC0-301F-11D3-BF4B-00C04F79EFBC}") = "ValoresEspeciais", "ValoresEspeciais\ValoresEspeciais.csproj", "{64E92B37-6692-4F28-B0F9-C2141002F49D}"
EndProject
Project("{FAE04EC0-301F-11D3-BF4B-00C04F79EFBC}") = "ChatBot", "ChatBot\ChatBot.csproj", "{EA91CB98-1288-411B-A660-2C2E53070607}"
EndProject
Project("{FAE04EC0-301F-11D3-BF4B-00C04F79EFBC}") = "Piramide", "Piramide\Piramide.csproj", "{B6824EFA-04E5-4869-B053-B49251B4A6FB}"
EndProject
Global
	GlobalSection(SolutionConfigurationPlatforms) = preSolution
		Debug|Any CPU = Debug|Any CPU
		Debug|x64 = Debug|x64
		Debug|x86 = Debug|x86
		Release|Any CPU = Release|Any CPU
		Release|x64 = Release|x64
		Release|x86 = Release|x86
	EndGlobalSection
	GlobalSection(SolutionProperties) = preSolution
		HideSolutionNode = FALSE
	EndGlobalSection
	GlobalSection(ProjectConfigurationPlatforms) = postSolution
		{B3ACC118-EAFE-4571-906D-3AEAA5D1F03B}.Debug|Any CPU.ActiveCfg = Debug|Any CPU
		{B3ACC118-EAFE-4571-906D-3AEAA5D1F03B}.Debug|Any CPU.Build.0 = Debug|Any CPU
		{B3ACC118-EAFE-4571-906D-3AEAA5D1F03B}.Debug|x64.ActiveCfg = Debug|Any CPU
		{B3ACC118-EAFE-4571-906D-3AEAA5D1F03B}.Debug|x64.Build.0 = Debug|Any CPU
		{B3ACC118-EAFE-4571-906D-3AEAA5D1F03B}.Debug|x86.ActiveCfg = Debug|Any CPU
		{B3ACC118-EAFE-4571-906D-3AEAA5D1F03B}.Debug|x86.Build.0 = Debug|Any CPU
		{B3ACC118-EAFE-4571-906D-3AEAA5D1F03B}.Release|Any CPU.ActiveCfg = Release|Any CPU
		{B3ACC118-EAFE-4571-906D-3AEAA5D1F03B}.Release|Any CPU.Build.0 = Release|Any CPU
		{B3ACC118-EAFE-4571-906D-3AEAA5D1F03B}.Release|x64.ActiveCfg = Release|Any CPU
		{B3ACC118-EAFE-4571-906D-3AEAA5D1F03B}.Release|x64.Build.0 = Release|Any CPU
		{B3ACC118-EAFE-4571-906D-3AEAA5D1F03B}.Release|x86.ActiveCfg = Release|Any CPU
		{B3ACC118-EAFE-4571-906D-3AEAA5D1F03B}.Release|x86.Build.0 = Release|Any CPU
		{D7DD2542-5203-45B5-A112-7D4A210BAC6B}.Debug|Any CPU.ActiveCfg = Debug|Any CPU
		{D7DD2542-5203-45B5-A112-7D4A210BAC6B}.Debug|Any CPU.Build.0 = Debug|Any CPU
		{D7DD2542-5203-45B5-A112-7D4A210BAC6B}.Debug|x64.ActiveCfg = Debug|Any CPU
		{D7DD2542-5203-45B5-A112-7D4A210BAC6B}.Debug|x64.Build.0 = Debug|Any CPU
		{D7DD2542-5203-45B5-A112-7D4A210BAC6B}.Debug|x86.ActiveCfg = Debug|Any CPU
		{D7DD2542-5203-45B5-A112-7D4A210BAC6B}.Debug|x86.Build.0 = Debug|Any CPU
		{D7DD2542-5203-45B5-A112-7D4A210BAC6B}.Release|Any CPU.ActiveCfg = Release|Any CPU
		{D7DD2542-5203-45B5-A112-7D4A210BAC6B}.Release|Any CPU.Build.0 = Release|Any CPU
		{D7DD2542-5203-45B5-A112-7D4A210BAC6B}.Release|x64.ActiveCfg = Release|Any CPU
		{D7DD2542-5203-45B5-A112-7D4A210BAC6B}.Release|x64.Build.0 = Release|Any CPU
		{D7DD2542-5203-45B5-A112-7D4A210BAC6B}.Release|x86.ActiveCfg = Release|Any CPU
		{D7DD2542-5203-45B5-A112-7D4A210BAC6B}.Release|x86.Build.0 = Release|Any CPU
		{64E92B37-6692-4F28-B0F9-C2141002F49D}.Debug|Any CPU.ActiveCfg = Debug|Any CPU
		{64E92B37-6692-4F28-B0F9-C2141002F49D}.Debug|Any CPU.Build.0 = Debug|Any CPU
		{64E92B37-6692-4F28-B0F9-C2141002F49D}.Debug|x64.ActiveCfg = Debug|Any CPU
		{64E92B37-6692-4F28-B0F9-C2141002F49D}.Debug|x64.Build.0 = Debug|Any CPU
		{64E92B37-6692-4F28-B0F9-C2141002F49D}.Debug|x86.ActiveCfg = Debug|Any CPU
		{64E92B37-6692-4F28-B0F9-C2141002F49D}.Debug|x86.Build.0 = Debug|Any CPU
		{64E92B37-6692-4F28-B0F9-C2141002F49D}.Release|Any CPU.ActiveCfg = Release|Any CPU
		{64E92B37-6692-4F28-B0F9-C2141002F49D}.Release|Any CPU.Build.0 = Release|Any CPU
		{64E92B37-6692-4F28-B0F9-C2141002F49D}.Release|x64.ActiveCfg = Release|Any CPU
		{64E92B37-6692-4F28-B0F9-C2141002F49D}.Release|x64.Build.0 = Release|Any CPU
		{64E92B37-6692-4F28-B0F9-C2141002F49D}.Release|x86.ActiveCfg = Release|Any CPU
		{64E92B37-6692-4F28-B0F9-C2141002F49D}.Release|x86.Build.0 = Release|Any CPU
		{EA91CB98-1288-411B-A660-2C2E53070607}.Debug|Any CPU.ActiveCfg = Debug|Any CPU
		{EA91CB98-1288-411B-A660-2C2E53070607}.Debug|Any CPU.Build.0 = Debug|Any CPU
		{EA91CB98-1288-411B-A660-2C2E53070607}.Debug|x64.ActiveCfg = Debug|Any CPU
		{EA91CB98-1288-411B-A660-2C2E53070607}.Debug|x64.Build.0 = Debug|Any CPU
		{EA91CB98-1288-411B-A660-2C2E53070607}.Debug|x86.ActiveCfg = Debug|Any CPU
		{EA91CB98-1288-411B-A660-2C2E53070607}.Debug|x86.Build.0 = Debug|Any CPU
		{EA91CB98-1288-411B-A660-2C2E53070607}.Release|Any CPU.ActiveCfg = Release|Any CPU
		{EA91CB98-1288-411B-A660-2C2E53070607}.Release|Any CPU.Build.0 = Release|Any CPU
		{EA91CB98-1288-411B-A660-2C2E53070607}.Release|x64.ActiveCfg = Release|Any CPU
		{EA91CB98-1288-411B-A660-2C2E53070607}.Release|x64.Build.0 = Release|Any CPU
		{EA91CB98-1288-411B-A660-2C2E53070607}.Release|x86.ActiveCfg = Release|Any CPU
		{EA91CB98-1288-411B-A660-2C2E53070607}.Release|x86.Build.0 = Release|Any CPU
		{B6824EFA-04E5-4869-B053-B49251B4A6FB}.Debug|Any CPU.ActiveCfg = Debug|Any CPU
		{B6824EFA-04E5-4869-B053-B49251B4A6FB}.Debug|Any CPU.Build.0 = Debug|Any CPU
		{B6824EFA-04E5-4869-B053-B49251B4A6FB}.Debug|x64.ActiveCfg = Debug|Any CPU
		{B6824EFA-04E5-4869-B053-B49251B4A6FB}.Debug|x64.Build.0 = Debug|Any CPU
		{B6824EFA-04E5-4869-B053-B49251B4A6FB}.Debug|x86.ActiveCfg = Debug|Any CPU
		{B6824EFA-04E5-4869-B053-B49251B4A6FB}.Debug|x86.Build.0 = Debug|Any CPU
		{B6824EFA-04E5-4869-B053-B49251B4A6FB}.Release|Any CPU.ActiveCfg = Release|Any CPU
		{B6824EFA-04E5-4869-B053-B49251B4A6FB}.Release|Any CPU.Build.0 = Release|Any CPU
		{B6824EFA-04E5-4869-B053-B49251B4A6FB}.Release|x64.ActiveCfg = Release|Any CPU
		{B6824EFA-04E5-4869-B053-B49251B4A6FB}.Release|x64.Build.0 = Release|Any CPU
		{B6824EFA-04E5-4869-B053-B49251B4A6FB}.Release|x86.ActiveCfg = Release|Any CPU
		{B6824EFA-04E5-4869-B053-B49251B4A6FB}.Release|x86.Build.0 = Release|Any CPU
	EndGlobalSection
EndGlobal
